{
  "name": "zero-ui",
  "version": "0.0.1",
  "lockfileVersion": 2,
  "requires": true,
  "packages": {
    "": {
      "name": "zero-ui",
      "version": "0.0.1",
      "license": "ISC",
      "dependencies": {
        "react": "^18.2.0",
        "react-icons": "^4.8.0"
      },
      "devDependencies": {
        "@babel/preset-env": "^7.21.4",
        "@babel/preset-react": "^7.18.6",
        "@babel/preset-typescript": "^7.21.4",
        "@onezerocompany/eslint-config": "^1.43.0",
        "@onezerocompany/prettier-config": "^1.43.0",
        "@onezerocompany/tsconfig": "^1.43.0",
        "@storybook/addon-essentials": "^7.0.2",
        "@storybook/addon-interactions": "^7.0.2",
        "@storybook/addon-links": "^7.0.2",
        "@storybook/blocks": "^7.0.2",
        "@storybook/react": "^7.0.2",
        "@storybook/react-webpack5": "^7.0.2",
        "@storybook/testing-library": "^0.0.14-next.2",
        "@types/react": "^18.0.33",
        "prop-types": "^15.8.1",
        "react-dom": "^18.2.0",
        "storybook": "^7.0.2",
        "typescript": "^5.0.3"
      }
    },
    "../../node_modules/.pnpm/@babel+preset-env@7.21.4_@babel+core@7.21.4/node_modules/@babel/preset-env": {
      "version": "7.21.4",
      "dev": true,
      "license": "MIT",
      "dependencies": {
        "@babel/compat-data": "^7.21.4",
        "@babel/helper-compilation-targets": "^7.21.4",
        "@babel/helper-plugin-utils": "^7.20.2",
        "@babel/helper-validator-option": "^7.21.0",
        "@babel/plugin-bugfix-safari-id-destructuring-collision-in-function-expression": "^7.18.6",
        "@babel/plugin-bugfix-v8-spread-parameters-in-optional-chaining": "^7.20.7",
        "@babel/plugin-proposal-async-generator-functions": "^7.20.7",
        "@babel/plugin-proposal-class-properties": "^7.18.6",
        "@babel/plugin-proposal-class-static-block": "^7.21.0",
        "@babel/plugin-proposal-dynamic-import": "^7.18.6",
        "@babel/plugin-proposal-export-namespace-from": "^7.18.9",
        "@babel/plugin-proposal-json-strings": "^7.18.6",
        "@babel/plugin-proposal-logical-assignment-operators": "^7.20.7",
        "@babel/plugin-proposal-nullish-coalescing-operator": "^7.18.6",
        "@babel/plugin-proposal-numeric-separator": "^7.18.6",
        "@babel/plugin-proposal-object-rest-spread": "^7.20.7",
        "@babel/plugin-proposal-optional-catch-binding": "^7.18.6",
        "@babel/plugin-proposal-optional-chaining": "^7.21.0",
        "@babel/plugin-proposal-private-methods": "^7.18.6",
        "@babel/plugin-proposal-private-property-in-object": "^7.21.0",
        "@babel/plugin-proposal-unicode-property-regex": "^7.18.6",
        "@babel/plugin-syntax-async-generators": "^7.8.4",
        "@babel/plugin-syntax-class-properties": "^7.12.13",
        "@babel/plugin-syntax-class-static-block": "^7.14.5",
        "@babel/plugin-syntax-dynamic-import": "^7.8.3",
        "@babel/plugin-syntax-export-namespace-from": "^7.8.3",
        "@babel/plugin-syntax-import-assertions": "^7.20.0",
        "@babel/plugin-syntax-json-strings": "^7.8.3",
        "@babel/plugin-syntax-logical-assignment-operators": "^7.10.4",
        "@babel/plugin-syntax-nullish-coalescing-operator": "^7.8.3",
        "@babel/plugin-syntax-numeric-separator": "^7.10.4",
        "@babel/plugin-syntax-object-rest-spread": "^7.8.3",
        "@babel/plugin-syntax-optional-catch-binding": "^7.8.3",
        "@babel/plugin-syntax-optional-chaining": "^7.8.3",
        "@babel/plugin-syntax-private-property-in-object": "^7.14.5",
        "@babel/plugin-syntax-top-level-await": "^7.14.5",
        "@babel/plugin-transform-arrow-functions": "^7.20.7",
        "@babel/plugin-transform-async-to-generator": "^7.20.7",
        "@babel/plugin-transform-block-scoped-functions": "^7.18.6",
        "@babel/plugin-transform-block-scoping": "^7.21.0",
        "@babel/plugin-transform-classes": "^7.21.0",
        "@babel/plugin-transform-computed-properties": "^7.20.7",
        "@babel/plugin-transform-destructuring": "^7.21.3",
        "@babel/plugin-transform-dotall-regex": "^7.18.6",
        "@babel/plugin-transform-duplicate-keys": "^7.18.9",
        "@babel/plugin-transform-exponentiation-operator": "^7.18.6",
        "@babel/plugin-transform-for-of": "^7.21.0",
        "@babel/plugin-transform-function-name": "^7.18.9",
        "@babel/plugin-transform-literals": "^7.18.9",
        "@babel/plugin-transform-member-expression-literals": "^7.18.6",
        "@babel/plugin-transform-modules-amd": "^7.20.11",
        "@babel/plugin-transform-modules-commonjs": "^7.21.2",
        "@babel/plugin-transform-modules-systemjs": "^7.20.11",
        "@babel/plugin-transform-modules-umd": "^7.18.6",
        "@babel/plugin-transform-named-capturing-groups-regex": "^7.20.5",
        "@babel/plugin-transform-new-target": "^7.18.6",
        "@babel/plugin-transform-object-super": "^7.18.6",
        "@babel/plugin-transform-parameters": "^7.21.3",
        "@babel/plugin-transform-property-literals": "^7.18.6",
        "@babel/plugin-transform-regenerator": "^7.20.5",
        "@babel/plugin-transform-reserved-words": "^7.18.6",
        "@babel/plugin-transform-shorthand-properties": "^7.18.6",
        "@babel/plugin-transform-spread": "^7.20.7",
        "@babel/plugin-transform-sticky-regex": "^7.18.6",
        "@babel/plugin-transform-template-literals": "^7.18.9",
        "@babel/plugin-transform-typeof-symbol": "^7.18.9",
        "@babel/plugin-transform-unicode-escapes": "^7.18.10",
        "@babel/plugin-transform-unicode-regex": "^7.18.6",
        "@babel/preset-modules": "^0.1.5",
        "@babel/types": "^7.21.4",
        "babel-plugin-polyfill-corejs2": "^0.3.3",
        "babel-plugin-polyfill-corejs3": "^0.6.0",
        "babel-plugin-polyfill-regenerator": "^0.4.1",
        "core-js-compat": "^3.25.1",
        "semver": "^6.3.0"
      },
      "devDependencies": {
        "@babel/core": "^7.21.4",
        "@babel/core-7.12": "npm:@babel/core@7.12.9",
        "@babel/helper-plugin-test-runner": "^7.18.6",
        "@babel/traverse": "^7.21.4"
      },
      "engines": {
        "node": ">=6.9.0"
      },
      "peerDependencies": {
        "@babel/core": "^7.0.0-0"
      }
    },
    "../../node_modules/.pnpm/@babel+preset-react@7.18.6_@babel+core@7.21.4/node_modules/@babel/preset-react": {
      "version": "7.18.6",
      "dev": true,
      "license": "MIT",
      "dependencies": {
        "@babel/helper-plugin-utils": "^7.18.6",
        "@babel/helper-validator-option": "^7.18.6",
        "@babel/plugin-transform-react-display-name": "^7.18.6",
        "@babel/plugin-transform-react-jsx": "^7.18.6",
        "@babel/plugin-transform-react-jsx-development": "^7.18.6",
        "@babel/plugin-transform-react-pure-annotations": "^7.18.6"
      },
      "devDependencies": {
        "@babel/core": "^7.18.6",
        "@babel/helper-plugin-test-runner": "^7.18.6"
      },
      "engines": {
        "node": ">=6.9.0"
      },
      "peerDependencies": {
        "@babel/core": "^7.0.0-0"
      }
    },
    "../../node_modules/.pnpm/@babel+preset-typescript@7.21.4_@babel+core@7.21.4/node_modules/@babel/preset-typescript": {
      "version": "7.21.4",
      "dev": true,
      "license": "MIT",
      "dependencies": {
        "@babel/helper-plugin-utils": "^7.20.2",
        "@babel/helper-validator-option": "^7.21.0",
        "@babel/plugin-syntax-jsx": "^7.21.4",
        "@babel/plugin-transform-modules-commonjs": "^7.21.2",
        "@babel/plugin-transform-typescript": "^7.21.3"
      },
      "devDependencies": {
        "@babel/core": "^7.21.4",
        "@babel/helper-plugin-test-runner": "^7.18.6"
      },
      "engines": {
        "node": ">=6.9.0"
      },
      "peerDependencies": {
        "@babel/core": "^7.0.0-0"
      }
    },
    "../../node_modules/.pnpm/@onezerocompany+eslint-config@1.43.0_@next+eslint-plugin-next@12.3.4_@typescript-eslint+eslin_aq5hrgxelncvr6sjkp2ived6zy/node_modules/@onezerocompany/eslint-config": {
      "version": "1.43.0",
      "dev": true,
      "license": "MIT",
      "dependencies": {
        "eslint-plugin-jsdoc": "^39.3.6"
      },
      "devDependencies": {
        "@onezerocompany/prettier-config": "../prettier-config",
        "@onezerocompany/tsconfig": "../tsconfig",
        "@types/eslint": "^8.4.1",
        "@types/jest": "^27.4.1",
        "@types/react": "^18.0.1",
        "glob": "^8.0.1",
        "jest": "^27.5.1",
        "nyc": "^15.1.0"
      },
      "peerDependencies": {
        "@next/eslint-plugin-next": "^12.1.4",
        "@typescript-eslint/eslint-plugin": "^5.18.0",
        "@typescript-eslint/parser": "^5.18.0",
        "eslint": "^7.32.0",
        "eslint-config-prettier": "^8.5.0",
        "eslint-import-resolver-node": "^0.3.6",
        "eslint-import-resolver-typescript": "^2.7.1",
        "eslint-plugin-import": "^2.26.0",
        "eslint-plugin-jest": "^26.1.4",
        "eslint-plugin-jsx-a11y": "^6.5.1",
        "eslint-plugin-node": "^11.1.0",
        "eslint-plugin-react": "^7.29.4",
        "eslint-plugin-react-hooks": "^4.4.0",
        "eslint-plugin-vue": "^8.6.0",
        "react": "^18.2.0"
      }
    },
    "../../node_modules/.pnpm/@onezerocompany+prettier-config@1.43.0/node_modules/@onezerocompany/prettier-config": {
      "version": "1.43.0",
      "dev": true,
      "license": "MIT",
      "devDependencies": {
        "@onezerocompany/eslint-config": "../eslint-config",
        "@onezerocompany/prettier-config": "../prettier-config",
        "ajv": "^8.11.0",
        "ajv-draft-04": "^1.0.0",
        "jest": "^27.5.1",
        "node-fetch": "^2.6.7"
      }
    },
    "../../node_modules/.pnpm/@onezerocompany+tsconfig@1.43.0/node_modules/@onezerocompany/tsconfig": {
      "version": "1.43.0",
      "dev": true,
      "license": "MIT",
      "devDependencies": {
        "@onezerocompany/eslint-config": "../eslint-config",
        "@onezerocompany/prettier-config": "../prettier-config",
        "ajv": "^8.11.0",
        "ajv-draft-04": "^1.0.0",
        "jest": "^27.5.1",
        "node-fetch": "^2.6.7"
      }
    },
    "../../node_modules/.pnpm/@storybook+addon-essentials@7.0.2_react-dom@18.2.0_react@18.2.0/node_modules/@storybook/addon-essentials": {
      "version": "7.0.2",
      "dev": true,
      "license": "MIT",
      "dependencies": {
        "@storybook/addon-actions": "7.0.2",
        "@storybook/addon-backgrounds": "7.0.2",
        "@storybook/addon-controls": "7.0.2",
        "@storybook/addon-docs": "7.0.2",
        "@storybook/addon-highlight": "7.0.2",
        "@storybook/addon-measure": "7.0.2",
        "@storybook/addon-outline": "7.0.2",
        "@storybook/addon-toolbars": "7.0.2",
        "@storybook/addon-viewport": "7.0.2",
        "@storybook/core-common": "7.0.2",
        "@storybook/manager-api": "7.0.2",
        "@storybook/node-logger": "7.0.2",
        "@storybook/preview-api": "7.0.2",
        "ts-dedent": "^2.0.0"
      },
      "devDependencies": {
        "@storybook/vue": "7.0.2",
        "typescript": "^4.9.3"
      },
      "funding": {
        "type": "opencollective",
        "url": "https://opencollective.com/storybook"
      },
      "peerDependencies": {
        "react": "^16.8.0 || ^17.0.0 || ^18.0.0",
        "react-dom": "^16.8.0 || ^17.0.0 || ^18.0.0"
      }
    },
    "../../node_modules/.pnpm/@storybook+addon-interactions@7.0.2_react-dom@18.2.0_react@18.2.0/node_modules/@storybook/addon-interactions": {
      "version": "7.0.2",
      "dev": true,
      "license": "MIT",
      "dependencies": {
        "@storybook/client-logger": "7.0.2",
        "@storybook/components": "7.0.2",
        "@storybook/core-common": "7.0.2",
        "@storybook/core-events": "7.0.2",
        "@storybook/global": "^5.0.0",
        "@storybook/instrumenter": "7.0.2",
        "@storybook/manager-api": "7.0.2",
        "@storybook/preview-api": "7.0.2",
        "@storybook/theming": "7.0.2",
        "@storybook/types": "7.0.2",
        "jest-mock": "^27.0.6",
        "polished": "^4.2.2",
        "ts-dedent": "^2.2.0"
      },
      "devDependencies": {
        "@devtools-ds/object-inspector": "^1.1.2",
        "@storybook/jest": "^0.1.0",
        "@storybook/testing-library": "^0.1.0",
        "@types/node": "^16.0.0",
        "formik": "^2.2.9",
        "typescript": "~4.9.3"
      },
      "funding": {
        "type": "opencollective",
        "url": "https://opencollective.com/storybook"
      },
      "peerDependencies": {
        "react": "^16.8.0 || ^17.0.0 || ^18.0.0",
        "react-dom": "^16.8.0 || ^17.0.0 || ^18.0.0"
      },
      "peerDependenciesMeta": {
        "react": {
          "optional": true
        },
        "react-dom": {
          "optional": true
        }
      }
    },
    "../../node_modules/.pnpm/@storybook+addon-links@7.0.2_react-dom@18.2.0_react@18.2.0/node_modules/@storybook/addon-links": {
      "version": "7.0.2",
      "dev": true,
      "license": "MIT",
      "dependencies": {
        "@storybook/client-logger": "7.0.2",
        "@storybook/core-events": "7.0.2",
        "@storybook/csf": "^0.1.0",
        "@storybook/global": "^5.0.0",
        "@storybook/manager-api": "7.0.2",
        "@storybook/preview-api": "7.0.2",
        "@storybook/router": "7.0.2",
        "@storybook/types": "7.0.2",
        "prop-types": "^15.7.2",
        "ts-dedent": "^2.0.0"
      },
      "devDependencies": {
        "fs-extra": "^11.1.0",
        "typescript": "~4.9.3"
      },
      "funding": {
        "type": "opencollective",
        "url": "https://opencollective.com/storybook"
      },
      "peerDependencies": {
        "react": "^16.8.0 || ^17.0.0 || ^18.0.0",
        "react-dom": "^16.8.0 || ^17.0.0 || ^18.0.0"
      },
      "peerDependenciesMeta": {
        "react": {
          "optional": true
        },
        "react-dom": {
          "optional": true
        }
      }
    },
    "../../node_modules/.pnpm/@storybook+blocks@7.0.2_react-dom@18.2.0_react@18.2.0/node_modules/@storybook/blocks": {
      "version": "7.0.2",
      "dev": true,
      "license": "MIT",
      "dependencies": {
        "@storybook/channels": "7.0.2",
        "@storybook/client-logger": "7.0.2",
        "@storybook/components": "7.0.2",
        "@storybook/core-events": "7.0.2",
        "@storybook/csf": "^0.1.0",
        "@storybook/docs-tools": "7.0.2",
        "@storybook/global": "^5.0.0",
        "@storybook/manager-api": "7.0.2",
        "@storybook/preview-api": "7.0.2",
        "@storybook/theming": "7.0.2",
        "@storybook/types": "7.0.2",
        "@types/lodash": "^4.14.167",
        "color-convert": "^2.0.1",
        "dequal": "^2.0.2",
        "lodash": "^4.17.21",
        "markdown-to-jsx": "^7.1.8",
        "memoizerific": "^1.11.3",
        "polished": "^4.2.2",
        "react-colorful": "^5.1.2",
        "telejson": "^7.0.3",
        "ts-dedent": "^2.0.0",
        "util-deprecate": "^1.0.2"
      },
      "devDependencies": {
        "@storybook/addon-actions": "7.0.2",
        "@types/color-convert": "^2.0.0"
      },
      "funding": {
        "type": "opencollective",
        "url": "https://opencollective.com/storybook"
      },
      "peerDependencies": {
        "react": "^16.8.0 || ^17.0.0 || ^18.0.0",
        "react-dom": "^16.8.0 || ^17.0.0 || ^18.0.0"
      }
    },
    "../../node_modules/.pnpm/@storybook+react-webpack5@7.0.2_@babel+core@7.21.4_esbuild@0.17.15_react-dom@18.2.0_react@18.2.0_typescript@5.0.3/node_modules/@storybook/react-webpack5": {
      "version": "7.0.2",
      "dev": true,
      "license": "MIT",
      "dependencies": {
        "@storybook/builder-webpack5": "7.0.2",
        "@storybook/preset-react-webpack": "7.0.2",
        "@storybook/react": "7.0.2",
        "@types/node": "^16.0.0"
      },
      "devDependencies": {
        "jest-specific-snapshot": "^7.0.0",
        "typescript": "~4.9.3"
      },
      "engines": {
        "node": ">=16.0.0"
      },
      "funding": {
        "type": "opencollective",
        "url": "https://opencollective.com/storybook"
      },
      "peerDependencies": {
        "@babel/core": "^7.11.5",
        "react": "^16.8.0 || ^17.0.0 || ^18.0.0",
        "react-dom": "^16.8.0 || ^17.0.0 || ^18.0.0"
      },
      "peerDependenciesMeta": {
        "@babel/core": {
          "optional": true
        },
        "typescript": {
          "optional": true
        }
      }
    },
    "../../node_modules/.pnpm/@storybook+react@7.0.2_react-dom@18.2.0_react@18.2.0_typescript@5.0.3/node_modules/@storybook/react": {
      "version": "7.0.2",
      "dev": true,
      "license": "MIT",
      "dependencies": {
        "@storybook/client-logger": "7.0.2",
        "@storybook/core-client": "7.0.2",
        "@storybook/docs-tools": "7.0.2",
        "@storybook/global": "^5.0.0",
        "@storybook/preview-api": "7.0.2",
        "@storybook/react-dom-shim": "7.0.2",
        "@storybook/types": "7.0.2",
        "@types/escodegen": "^0.0.6",
        "@types/estree": "^0.0.51",
        "@types/node": "^16.0.0",
        "acorn": "^7.4.1",
        "acorn-jsx": "^5.3.1",
        "acorn-walk": "^7.2.0",
        "escodegen": "^2.0.0",
        "html-tags": "^3.1.0",
        "lodash": "^4.17.21",
        "prop-types": "^15.7.2",
        "react-element-to-jsx-string": "^15.0.0",
        "ts-dedent": "^2.0.0",
        "type-fest": "^2.19.0",
        "util-deprecate": "^1.0.2"
      },
      "devDependencies": {
        "@babel/core": "^7.20.2",
        "@types/util-deprecate": "^1.0.0",
        "expect-type": "^0.14.2",
        "jest-specific-snapshot": "^7.0.0",
        "require-from-string": "^2.0.2",
        "typescript": "~4.9.3"
      },
      "engines": {
        "node": ">=16.0.0"
      },
      "funding": {
        "type": "opencollective",
        "url": "https://opencollective.com/storybook"
      },
      "peerDependencies": {
        "react": "^16.8.0 || ^17.0.0 || ^18.0.0",
        "react-dom": "^16.8.0 || ^17.0.0 || ^18.0.0"
      },
      "peerDependenciesMeta": {
        "typescript": {
          "optional": true
        }
      }
    },
    "../../node_modules/.pnpm/@storybook+testing-library@0.0.14-next.2/node_modules/@storybook/testing-library": {
      "version": "0.0.14-next.2",
      "dev": true,
      "license": "MIT",
      "dependencies": {
        "@storybook/client-logger": "^7.0.0-beta.0 || ^7.0.0-rc.0 || ^7.0.0",
        "@storybook/instrumenter": "^7.0.0-beta.0 || ^7.0.0-rc.0 || ^7.0.0",
        "@testing-library/dom": "^8.3.0",
        "@testing-library/user-event": "^13.2.1",
        "ts-dedent": "^2.2.0"
      },
      "devDependencies": {
        "@auto-it/first-time-contributor": "^10.37.6",
        "@auto-it/released": "^10.37.6",
        "@storybook/linter-config": "^3.1.2",
        "@types/react": "*",
        "auto": "^10.37.6",
        "rimraf": "^3.0.2",
        "typescript": "^4.4.3"
      }
    },
    "../../node_modules/.pnpm/@types+react@18.0.33/node_modules/@types/react": {
      "version": "18.0.33",
      "dev": true,
      "license": "MIT",
      "dependencies": {
        "@types/prop-types": "*",
        "@types/scheduler": "*",
        "csstype": "^3.0.2"
      }
    },
    "../../node_modules/.pnpm/prop-types@15.8.1/node_modules/prop-types": {
      "version": "15.8.1",
      "dev": true,
      "license": "MIT",
      "dependencies": {
        "loose-envify": "^1.4.0",
        "object-assign": "^4.1.1",
        "react-is": "^16.13.1"
      },
      "devDependencies": {
        "babel-jest": "^19.0.0",
        "babel-preset-react": "^6.24.1",
        "browserify": "^16.5.0",
        "bundle-collapser": "^1.4.0",
        "eslint": "^8.6.0",
        "in-publish": "^2.0.1",
        "jest": "^19.0.2",
        "react": "^15.7.0",
        "uglifyify": "^5.0.2",
        "uglifyjs": "^2.4.11"
      }
    },
    "../../node_modules/.pnpm/react-dom@18.2.0_react@18.2.0/node_modules/react-dom": {
      "version": "18.2.0",
      "dev": true,
      "license": "MIT",
      "dependencies": {
        "loose-envify": "^1.1.0",
        "scheduler": "^0.23.0"
      },
      "peerDependencies": {
        "react": "^18.2.0"
      }
    },
    "../../node_modules/.pnpm/react@18.2.0/node_modules/react": {
      "version": "18.2.0",
      "license": "MIT",
      "dependencies": {
        "loose-envify": "^1.1.0"
      },
      "engines": {
        "node": ">=0.10.0"
      }
    },
    "../../node_modules/.pnpm/storybook@7.0.2/node_modules/storybook": {
      "version": "7.0.2",
      "dev": true,
      "license": "MIT",
      "dependencies": {
        "@storybook/cli": "7.0.2"
      },
      "bin": {
        "sb": "index.js",
        "storybook": "index.js"
      },
      "funding": {
        "type": "opencollective",
        "url": "https://opencollective.com/storybook"
      }
    },
    "../../node_modules/.pnpm/typescript@5.0.3/node_modules/typescript": {
      "version": "5.0.3",
      "dev": true,
      "license": "Apache-2.0",
      "bin": {
        "tsc": "bin/tsc",
        "tsserver": "bin/tsserver"
      },
      "devDependencies": {
        "@esfx/canceltoken": "^1.0.0",
        "@octokit/rest": "latest",
        "@types/chai": "^4.3.4",
        "@types/fs-extra": "^9.0.13",
        "@types/glob": "^8.1.0",
        "@types/microsoft__typescript-etw": "^0.1.1",
        "@types/minimist": "^1.2.2",
        "@types/mocha": "^10.0.1",
        "@types/ms": "^0.7.31",
        "@types/node": "latest",
        "@types/source-map-support": "^0.5.6",
        "@types/which": "^2.0.1",
        "@typescript-eslint/eslint-plugin": "^5.33.1",
        "@typescript-eslint/parser": "^5.33.1",
        "@typescript-eslint/utils": "^5.33.1",
        "azure-devops-node-api": "^11.2.0",
        "chai": "^4.3.7",
        "chalk": "^4.1.2",
        "chokidar": "^3.5.3",
        "del": "^6.1.1",
        "diff": "^5.1.0",
        "esbuild": "^0.17.2",
        "eslint": "^8.22.0",
        "eslint-formatter-autolinkable-stylish": "^1.2.0",
        "eslint-plugin-import": "^2.26.0",
        "eslint-plugin-local": "^1.0.0",
        "eslint-plugin-no-null": "^1.0.2",
        "eslint-plugin-simple-import-sort": "^10.0.0",
        "fast-xml-parser": "^4.0.11",
        "fs-extra": "^9.1.0",
        "glob": "^8.1.0",
        "hereby": "^1.6.4",
        "jsonc-parser": "^3.2.0",
        "minimist": "^1.2.8",
        "mocha": "^10.2.0",
        "mocha-fivemat-progress-reporter": "^0.1.0",
        "ms": "^2.1.3",
        "node-fetch": "^3.2.10",
        "source-map-support": "^0.5.21",
        "typescript": "5.0.0-dev.20230112",
        "which": "^2.0.2"
      },
      "engines": {
        "node": ">=12.20"
      }
    },
    "node_modules/@babel/preset-env": {
      "resolved": "../../node_modules/.pnpm/@babel+preset-env@7.21.4_@babel+core@7.21.4/node_modules/@babel/preset-env",
      "link": true
    },
    "node_modules/@babel/preset-react": {
      "resolved": "../../node_modules/.pnpm/@babel+preset-react@7.18.6_@babel+core@7.21.4/node_modules/@babel/preset-react",
      "link": true
    },
    "node_modules/@babel/preset-typescript": {
      "resolved": "../../node_modules/.pnpm/@babel+preset-typescript@7.21.4_@babel+core@7.21.4/node_modules/@babel/preset-typescript",
      "link": true
    },
    "node_modules/@onezerocompany/eslint-config": {
      "resolved": "../../node_modules/.pnpm/@onezerocompany+eslint-config@1.43.0_@next+eslint-plugin-next@12.3.4_@typescript-eslint+eslin_aq5hrgxelncvr6sjkp2ived6zy/node_modules/@onezerocompany/eslint-config",
      "link": true
    },
    "node_modules/@onezerocompany/prettier-config": {
      "resolved": "../../node_modules/.pnpm/@onezerocompany+prettier-config@1.43.0/node_modules/@onezerocompany/prettier-config",
      "link": true
    },
    "node_modules/@onezerocompany/tsconfig": {
      "resolved": "../../node_modules/.pnpm/@onezerocompany+tsconfig@1.43.0/node_modules/@onezerocompany/tsconfig",
      "link": true
    },
    "node_modules/@storybook/addon-essentials": {
      "resolved": "../../node_modules/.pnpm/@storybook+addon-essentials@7.0.2_react-dom@18.2.0_react@18.2.0/node_modules/@storybook/addon-essentials",
      "link": true
    },
    "node_modules/@storybook/addon-interactions": {
      "resolved": "../../node_modules/.pnpm/@storybook+addon-interactions@7.0.2_react-dom@18.2.0_react@18.2.0/node_modules/@storybook/addon-interactions",
      "link": true
    },
    "node_modules/@storybook/addon-links": {
      "resolved": "../../node_modules/.pnpm/@storybook+addon-links@7.0.2_react-dom@18.2.0_react@18.2.0/node_modules/@storybook/addon-links",
      "link": true
    },
    "node_modules/@storybook/blocks": {
      "resolved": "../../node_modules/.pnpm/@storybook+blocks@7.0.2_react-dom@18.2.0_react@18.2.0/node_modules/@storybook/blocks",
      "link": true
    },
    "node_modules/@storybook/react": {
      "resolved": "../../node_modules/.pnpm/@storybook+react@7.0.2_react-dom@18.2.0_react@18.2.0_typescript@5.0.3/node_modules/@storybook/react",
      "link": true
    },
    "node_modules/@storybook/react-webpack5": {
      "resolved": "../../node_modules/.pnpm/@storybook+react-webpack5@7.0.2_@babel+core@7.21.4_esbuild@0.17.15_react-dom@18.2.0_react@18.2.0_typescript@5.0.3/node_modules/@storybook/react-webpack5",
      "link": true
    },
    "node_modules/@storybook/testing-library": {
      "resolved": "../../node_modules/.pnpm/@storybook+testing-library@0.0.14-next.2/node_modules/@storybook/testing-library",
      "link": true
    },
    "node_modules/@types/react": {
      "resolved": "../../node_modules/.pnpm/@types+react@18.0.33/node_modules/@types/react",
      "link": true
    },
    "node_modules/prop-types": {
      "resolved": "../../node_modules/.pnpm/prop-types@15.8.1/node_modules/prop-types",
      "link": true
    },
    "node_modules/react": {
      "resolved": "../../node_modules/.pnpm/react@18.2.0/node_modules/react",
      "link": true
    },
    "node_modules/react-dom": {
      "resolved": "../../node_modules/.pnpm/react-dom@18.2.0_react@18.2.0/node_modules/react-dom",
      "link": true
    },
    "node_modules/react-icons": {
      "version": "4.8.0",
      "resolved": "https://registry.npmjs.org/react-icons/-/react-icons-4.8.0.tgz",
      "integrity": "sha512-N6+kOLcihDiAnj5Czu637waJqSnwlMNROzVZMhfX68V/9bu9qHaMIJC4UdozWoOk57gahFCNHwVvWzm0MTzRjg==",
      "peerDependencies": {
        "react": "*"
      }
    },
    "node_modules/storybook": {
      "resolved": "../../node_modules/.pnpm/storybook@7.0.2/node_modules/storybook",
      "link": true
    },
    "node_modules/typescript": {
      "resolved": "../../node_modules/.pnpm/typescript@5.0.3/node_modules/typescript",
      "link": true
    }
  },
  "dependencies": {
    "@babel/preset-env": {
      "version": "file:../../node_modules/.pnpm/@babel+preset-env@7.21.4_@babel+core@7.21.4/node_modules/@babel/preset-env",
      "requires": {
        "@babel/compat-data": "^7.21.4",
        "@babel/core": "^7.21.4",
        "@babel/core-7.12": "npm:@babel/core@7.12.9",
        "@babel/helper-compilation-targets": "^7.21.4",
        "@babel/helper-plugin-test-runner": "^7.18.6",
        "@babel/helper-plugin-utils": "^7.20.2",
        "@babel/helper-validator-option": "^7.21.0",
        "@babel/plugin-bugfix-safari-id-destructuring-collision-in-function-expression": "^7.18.6",
        "@babel/plugin-bugfix-v8-spread-parameters-in-optional-chaining": "^7.20.7",
        "@babel/plugin-proposal-async-generator-functions": "^7.20.7",
        "@babel/plugin-proposal-class-properties": "^7.18.6",
        "@babel/plugin-proposal-class-static-block": "^7.21.0",
        "@babel/plugin-proposal-dynamic-import": "^7.18.6",
        "@babel/plugin-proposal-export-namespace-from": "^7.18.9",
        "@babel/plugin-proposal-json-strings": "^7.18.6",
        "@babel/plugin-proposal-logical-assignment-operators": "^7.20.7",
        "@babel/plugin-proposal-nullish-coalescing-operator": "^7.18.6",
        "@babel/plugin-proposal-numeric-separator": "^7.18.6",
        "@babel/plugin-proposal-object-rest-spread": "^7.20.7",
        "@babel/plugin-proposal-optional-catch-binding": "^7.18.6",
        "@babel/plugin-proposal-optional-chaining": "^7.21.0",
        "@babel/plugin-proposal-private-methods": "^7.18.6",
        "@babel/plugin-proposal-private-property-in-object": "^7.21.0",
        "@babel/plugin-proposal-unicode-property-regex": "^7.18.6",
        "@babel/plugin-syntax-async-generators": "^7.8.4",
        "@babel/plugin-syntax-class-properties": "^7.12.13",
        "@babel/plugin-syntax-class-static-block": "^7.14.5",
        "@babel/plugin-syntax-dynamic-import": "^7.8.3",
        "@babel/plugin-syntax-export-namespace-from": "^7.8.3",
        "@babel/plugin-syntax-import-assertions": "^7.20.0",
        "@babel/plugin-syntax-json-strings": "^7.8.3",
        "@babel/plugin-syntax-logical-assignment-operators": "^7.10.4",
        "@babel/plugin-syntax-nullish-coalescing-operator": "^7.8.3",
        "@babel/plugin-syntax-numeric-separator": "^7.10.4",
        "@babel/plugin-syntax-object-rest-spread": "^7.8.3",
        "@babel/plugin-syntax-optional-catch-binding": "^7.8.3",
        "@babel/plugin-syntax-optional-chaining": "^7.8.3",
        "@babel/plugin-syntax-private-property-in-object": "^7.14.5",
        "@babel/plugin-syntax-top-level-await": "^7.14.5",
        "@babel/plugin-transform-arrow-functions": "^7.20.7",
        "@babel/plugin-transform-async-to-generator": "^7.20.7",
        "@babel/plugin-transform-block-scoped-functions": "^7.18.6",
        "@babel/plugin-transform-block-scoping": "^7.21.0",
        "@babel/plugin-transform-classes": "^7.21.0",
        "@babel/plugin-transform-computed-properties": "^7.20.7",
        "@babel/plugin-transform-destructuring": "^7.21.3",
        "@babel/plugin-transform-dotall-regex": "^7.18.6",
        "@babel/plugin-transform-duplicate-keys": "^7.18.9",
        "@babel/plugin-transform-exponentiation-operator": "^7.18.6",
        "@babel/plugin-transform-for-of": "^7.21.0",
        "@babel/plugin-transform-function-name": "^7.18.9",
        "@babel/plugin-transform-literals": "^7.18.9",
        "@babel/plugin-transform-member-expression-literals": "^7.18.6",
        "@babel/plugin-transform-modules-amd": "^7.20.11",
        "@babel/plugin-transform-modules-commonjs": "^7.21.2",
        "@babel/plugin-transform-modules-systemjs": "^7.20.11",
        "@babel/plugin-transform-modules-umd": "^7.18.6",
        "@babel/plugin-transform-named-capturing-groups-regex": "^7.20.5",
        "@babel/plugin-transform-new-target": "^7.18.6",
        "@babel/plugin-transform-object-super": "^7.18.6",
        "@babel/plugin-transform-parameters": "^7.21.3",
        "@babel/plugin-transform-property-literals": "^7.18.6",
        "@babel/plugin-transform-regenerator": "^7.20.5",
        "@babel/plugin-transform-reserved-words": "^7.18.6",
        "@babel/plugin-transform-shorthand-properties": "^7.18.6",
        "@babel/plugin-transform-spread": "^7.20.7",
        "@babel/plugin-transform-sticky-regex": "^7.18.6",
        "@babel/plugin-transform-template-literals": "^7.18.9",
        "@babel/plugin-transform-typeof-symbol": "^7.18.9",
        "@babel/plugin-transform-unicode-escapes": "^7.18.10",
        "@babel/plugin-transform-unicode-regex": "^7.18.6",
        "@babel/preset-modules": "^0.1.5",
        "@babel/traverse": "^7.21.4",
        "@babel/types": "^7.21.4",
        "babel-plugin-polyfill-corejs2": "^0.3.3",
        "babel-plugin-polyfill-corejs3": "^0.6.0",
        "babel-plugin-polyfill-regenerator": "^0.4.1",
        "core-js-compat": "^3.25.1",
        "semver": "^6.3.0"
      }
    },
    "@babel/preset-react": {
      "version": "file:../../node_modules/.pnpm/@babel+preset-react@7.18.6_@babel+core@7.21.4/node_modules/@babel/preset-react",
      "requires": {
        "@babel/core": "^7.18.6",
        "@babel/helper-plugin-test-runner": "^7.18.6",
        "@babel/helper-plugin-utils": "^7.18.6",
        "@babel/helper-validator-option": "^7.18.6",
        "@babel/plugin-transform-react-display-name": "^7.18.6",
        "@babel/plugin-transform-react-jsx": "^7.18.6",
        "@babel/plugin-transform-react-jsx-development": "^7.18.6",
        "@babel/plugin-transform-react-pure-annotations": "^7.18.6"
      }
    },
    "@babel/preset-typescript": {
      "version": "file:../../node_modules/.pnpm/@babel+preset-typescript@7.21.4_@babel+core@7.21.4/node_modules/@babel/preset-typescript",
      "requires": {
        "@babel/core": "^7.21.4",
        "@babel/helper-plugin-test-runner": "^7.18.6",
        "@babel/helper-plugin-utils": "^7.20.2",
        "@babel/helper-validator-option": "^7.21.0",
        "@babel/plugin-syntax-jsx": "^7.21.4",
        "@babel/plugin-transform-modules-commonjs": "^7.21.2",
        "@babel/plugin-transform-typescript": "^7.21.3"
      }
    },
    "@onezerocompany/eslint-config": {
      "version": "file:../../node_modules/.pnpm/@onezerocompany+eslint-config@1.43.0_@next+eslint-plugin-next@12.3.4_@typescript-eslint+eslin_aq5hrgxelncvr6sjkp2ived6zy/node_modules/@onezerocompany/eslint-config",
      "requires": {
        "@onezerocompany/prettier-config": "../prettier-config",
        "@onezerocompany/tsconfig": "../tsconfig",
        "@types/eslint": "^8.4.1",
        "@types/jest": "^27.4.1",
        "@types/react": "^18.0.1",
        "eslint-plugin-jsdoc": "^39.3.6",
        "glob": "^8.0.1",
        "jest": "^27.5.1",
        "nyc": "^15.1.0"
      }
    },
    "@onezerocompany/prettier-config": {
      "version": "file:../../node_modules/.pnpm/@onezerocompany+prettier-config@1.43.0/node_modules/@onezerocompany/prettier-config",
      "requires": {
        "@onezerocompany/eslint-config": "../eslint-config",
        "@onezerocompany/prettier-config": "../prettier-config",
        "ajv": "^8.11.0",
        "ajv-draft-04": "^1.0.0",
        "jest": "^27.5.1",
        "node-fetch": "^2.6.7"
      }
    },
    "@onezerocompany/tsconfig": {
      "version": "file:../../node_modules/.pnpm/@onezerocompany+tsconfig@1.43.0/node_modules/@onezerocompany/tsconfig",
      "requires": {
        "@onezerocompany/eslint-config": "../eslint-config",
        "@onezerocompany/prettier-config": "../prettier-config",
        "ajv": "^8.11.0",
        "ajv-draft-04": "^1.0.0",
        "jest": "^27.5.1",
        "node-fetch": "^2.6.7"
      }
    },
    "@storybook/addon-essentials": {
      "version": "file:../../node_modules/.pnpm/@storybook+addon-essentials@7.0.2_react-dom@18.2.0_react@18.2.0/node_modules/@storybook/addon-essentials",
      "requires": {
        "@storybook/addon-actions": "7.0.2",
        "@storybook/addon-backgrounds": "7.0.2",
        "@storybook/addon-controls": "7.0.2",
        "@storybook/addon-docs": "7.0.2",
        "@storybook/addon-highlight": "7.0.2",
        "@storybook/addon-measure": "7.0.2",
        "@storybook/addon-outline": "7.0.2",
        "@storybook/addon-toolbars": "7.0.2",
        "@storybook/addon-viewport": "7.0.2",
        "@storybook/core-common": "7.0.2",
        "@storybook/manager-api": "7.0.2",
        "@storybook/node-logger": "7.0.2",
        "@storybook/preview-api": "7.0.2",
        "@storybook/vue": "7.0.2",
        "ts-dedent": "^2.0.0",
        "typescript": "^4.9.3"
      }
    },
    "@storybook/addon-interactions": {
      "version": "file:../../node_modules/.pnpm/@storybook+addon-interactions@7.0.2_react-dom@18.2.0_react@18.2.0/node_modules/@storybook/addon-interactions",
      "requires": {
        "@devtools-ds/object-inspector": "^1.1.2",
        "@storybook/client-logger": "7.0.2",
        "@storybook/components": "7.0.2",
        "@storybook/core-common": "7.0.2",
        "@storybook/core-events": "7.0.2",
        "@storybook/global": "^5.0.0",
        "@storybook/instrumenter": "7.0.2",
        "@storybook/jest": "^0.1.0",
        "@storybook/manager-api": "7.0.2",
        "@storybook/preview-api": "7.0.2",
        "@storybook/testing-library": "^0.1.0",
        "@storybook/theming": "7.0.2",
        "@storybook/types": "7.0.2",
        "@types/node": "^16.0.0",
        "formik": "^2.2.9",
        "jest-mock": "^27.0.6",
        "polished": "^4.2.2",
        "ts-dedent": "^2.2.0",
        "typescript": "~4.9.3"
      }
    },
    "@storybook/addon-links": {
      "version": "file:../../node_modules/.pnpm/@storybook+addon-links@7.0.2_react-dom@18.2.0_react@18.2.0/node_modules/@storybook/addon-links",
      "requires": {
        "@storybook/client-logger": "7.0.2",
        "@storybook/core-events": "7.0.2",
        "@storybook/csf": "^0.1.0",
        "@storybook/global": "^5.0.0",
        "@storybook/manager-api": "7.0.2",
        "@storybook/preview-api": "7.0.2",
        "@storybook/router": "7.0.2",
        "@storybook/types": "7.0.2",
        "fs-extra": "^11.1.0",
        "prop-types": "^15.7.2",
        "ts-dedent": "^2.0.0",
        "typescript": "~4.9.3"
      }
    },
    "@storybook/blocks": {
      "version": "file:../../node_modules/.pnpm/@storybook+blocks@7.0.2_react-dom@18.2.0_react@18.2.0/node_modules/@storybook/blocks",
      "requires": {
        "@storybook/addon-actions": "7.0.2",
        "@storybook/channels": "7.0.2",
        "@storybook/client-logger": "7.0.2",
        "@storybook/components": "7.0.2",
        "@storybook/core-events": "7.0.2",
        "@storybook/csf": "^0.1.0",
        "@storybook/docs-tools": "7.0.2",
        "@storybook/global": "^5.0.0",
        "@storybook/manager-api": "7.0.2",
        "@storybook/preview-api": "7.0.2",
        "@storybook/theming": "7.0.2",
        "@storybook/types": "7.0.2",
        "@types/color-convert": "^2.0.0",
        "@types/lodash": "^4.14.167",
        "color-convert": "^2.0.1",
        "dequal": "^2.0.2",
        "lodash": "^4.17.21",
        "markdown-to-jsx": "^7.1.8",
        "memoizerific": "^1.11.3",
        "polished": "^4.2.2",
        "react-colorful": "^5.1.2",
        "telejson": "^7.0.3",
        "ts-dedent": "^2.0.0",
        "util-deprecate": "^1.0.2"
      }
    },
    "@storybook/react": {
      "version": "file:../../node_modules/.pnpm/@storybook+react@7.0.2_react-dom@18.2.0_react@18.2.0_typescript@5.0.3/node_modules/@storybook/react",
      "requires": {
        "@babel/core": "^7.20.2",
        "@storybook/client-logger": "7.0.2",
        "@storybook/core-client": "7.0.2",
        "@storybook/docs-tools": "7.0.2",
        "@storybook/global": "^5.0.0",
        "@storybook/preview-api": "7.0.2",
        "@storybook/react-dom-shim": "7.0.2",
        "@storybook/types": "7.0.2",
        "@types/escodegen": "^0.0.6",
        "@types/estree": "^0.0.51",
        "@types/node": "^16.0.0",
        "@types/util-deprecate": "^1.0.0",
        "acorn": "^7.4.1",
        "acorn-jsx": "^5.3.1",
        "acorn-walk": "^7.2.0",
        "escodegen": "^2.0.0",
        "expect-type": "^0.14.2",
        "html-tags": "^3.1.0",
        "jest-specific-snapshot": "^7.0.0",
        "lodash": "^4.17.21",
        "prop-types": "^15.7.2",
        "react-element-to-jsx-string": "^15.0.0",
        "require-from-string": "^2.0.2",
        "ts-dedent": "^2.0.0",
        "type-fest": "^2.19.0",
        "typescript": "~4.9.3",
        "util-deprecate": "^1.0.2"
      }
    },
    "@storybook/react-webpack5": {
      "version": "file:../../node_modules/.pnpm/@storybook+react-webpack5@7.0.2_@babel+core@7.21.4_esbuild@0.17.15_react-dom@18.2.0_react@18.2.0_typescript@5.0.3/node_modules/@storybook/react-webpack5",
      "requires": {
        "@storybook/builder-webpack5": "7.0.2",
        "@storybook/preset-react-webpack": "7.0.2",
        "@storybook/react": "7.0.2",
        "@types/node": "^16.0.0",
        "jest-specific-snapshot": "^7.0.0",
        "typescript": "~4.9.3"
      }
    },
    "@storybook/testing-library": {
      "version": "file:../../node_modules/.pnpm/@storybook+testing-library@0.0.14-next.2/node_modules/@storybook/testing-library",
      "requires": {
        "@auto-it/first-time-contributor": "^10.37.6",
        "@auto-it/released": "^10.37.6",
        "@storybook/client-logger": "^7.0.0-beta.0 || ^7.0.0-rc.0 || ^7.0.0",
        "@storybook/instrumenter": "^7.0.0-beta.0 || ^7.0.0-rc.0 || ^7.0.0",
        "@storybook/linter-config": "^3.1.2",
        "@testing-library/dom": "^8.3.0",
        "@testing-library/user-event": "^13.2.1",
        "@types/react": "*",
        "auto": "^10.37.6",
        "rimraf": "^3.0.2",
        "ts-dedent": "^2.2.0",
        "typescript": "^4.4.3"
      }
    },
    "@types/react": {
      "version": "file:../../node_modules/.pnpm/@types+react@18.0.33/node_modules/@types/react",
      "requires": {
        "@types/prop-types": "*",
        "@types/scheduler": "*",
        "csstype": "^3.0.2"
      }
    },
    "prop-types": {
      "version": "file:../../node_modules/.pnpm/prop-types@15.8.1/node_modules/prop-types",
      "requires": {
        "babel-jest": "^19.0.0",
        "babel-preset-react": "^6.24.1",
        "browserify": "^16.5.0",
        "bundle-collapser": "^1.4.0",
        "eslint": "^8.6.0",
        "in-publish": "^2.0.1",
        "jest": "^19.0.2",
        "loose-envify": "^1.4.0",
        "object-assign": "^4.1.1",
        "react": "^15.7.0",
        "react-is": "^16.13.1",
        "uglifyify": "^5.0.2",
        "uglifyjs": "^2.4.11"
      }
    },
    "react": {
      "version": "file:../../node_modules/.pnpm/react@18.2.0/node_modules/react",
      "requires": {
        "loose-envify": "^1.1.0"
      }
    },
    "react-dom": {
      "version": "file:../../node_modules/.pnpm/react-dom@18.2.0_react@18.2.0/node_modules/react-dom",
      "requires": {
        "loose-envify": "^1.1.0",
        "scheduler": "^0.23.0"
      }
    },
    "react-icons": {
      "version": "4.8.0",
      "resolved": "https://registry.npmjs.org/react-icons/-/react-icons-4.8.0.tgz",
      "integrity": "sha512-N6+kOLcihDiAnj5Czu637waJqSnwlMNROzVZMhfX68V/9bu9qHaMIJC4UdozWoOk57gahFCNHwVvWzm0MTzRjg==",
      "requires": {}
    },
    "storybook": {
      "version": "file:../../node_modules/.pnpm/storybook@7.0.2/node_modules/storybook",
      "requires": {
        "@storybook/cli": "7.0.2"
      }
    },
    "typescript": {
      "version": "file:../../node_modules/.pnpm/typescript@5.0.3/node_modules/typescript",
      "requires": {
        "@esfx/canceltoken": "^1.0.0",
        "@octokit/rest": "latest",
        "@types/chai": "^4.3.4",
        "@types/fs-extra": "^9.0.13",
        "@types/glob": "^8.1.0",
        "@types/microsoft__typescript-etw": "^0.1.1",
        "@types/minimist": "^1.2.2",
        "@types/mocha": "^10.0.1",
        "@types/ms": "^0.7.31",
        "@types/node": "latest",
        "@types/source-map-support": "^0.5.6",
        "@types/which": "^2.0.1",
        "@typescript-eslint/eslint-plugin": "^5.33.1",
        "@typescript-eslint/parser": "^5.33.1",
        "@typescript-eslint/utils": "^5.33.1",
        "azure-devops-node-api": "^11.2.0",
        "chai": "^4.3.7",
        "chalk": "^4.1.2",
        "chokidar": "^3.5.3",
        "del": "^6.1.1",
        "diff": "^5.1.0",
        "esbuild": "^0.17.2",
        "eslint": "^8.22.0",
        "eslint-formatter-autolinkable-stylish": "^1.2.0",
        "eslint-plugin-import": "^2.26.0",
        "eslint-plugin-local": "^1.0.0",
        "eslint-plugin-no-null": "^1.0.2",
        "eslint-plugin-simple-import-sort": "^10.0.0",
        "fast-xml-parser": "^4.0.11",
        "fs-extra": "^9.1.0",
        "glob": "^8.1.0",
        "hereby": "^1.6.4",
        "jsonc-parser": "^3.2.0",
        "minimist": "^1.2.8",
        "mocha": "^10.2.0",
        "mocha-fivemat-progress-reporter": "^0.1.0",
        "ms": "^2.1.3",
        "node-fetch": "^3.2.10",
        "source-map-support": "^0.5.21",
        "typescript": "5.0.0-dev.20230112",
        "which": "^2.0.2"
      }
    }
  }
}
